
Microsoft Visual Studio Solution File, Format Version 12.00
# Visual Studio Version 17
VisualStudioVersion = 17.4.33403.182
MinimumVisualStudioVersion = 10.0.40219.1
Project("{9A19103F-16F7-4668-BE54-9A1E7A4F7556}") = "StudentManagement", "StudentManagement.csproj", "{837A1140-33F3-4C3D-95F3-80040BE11981}"
EndProject
Project("{9A19103F-16F7-4668-BE54-9A1E7A4F7556}") = "Shared", "..\Shared\Shared.csproj", "{5CAE095B-A009-4298-AAD2-423FE3172D2A}"
EndProject
Global
	GlobalSection(SolutionConfigurationPlatforms) = preSolution
		Debug|Any CPU = Debug|Any CPU
		Release|Any CPU = Release|Any CPU
	EndGlobalSection
	GlobalSection(ProjectConfigurationPlatforms) = postSolution
		{837A1140-33F3-4C3D-95F3-80040BE11981}.Debug|Any CPU.ActiveCfg = Debug|Any CPU
		{837A1140-33F3-4C3D-95F3-80040BE11981}.Debug|Any CPU.Build.0 = Debug|Any CPU
		{837A1140-33F3-4C3D-95F3-80040BE11981}.Release|Any CPU.ActiveCfg = Release|Any CPU
		{837A1140-33F3-4C3D-95F3-80040BE11981}.Release|Any CPU.Build.0 = Release|Any CPU
		{5CAE095B-A009-4298-AAD2-423FE3172D2A}.Debug|Any CPU.ActiveCfg = Debug|Any CPU
		{5CAE095B-A009-4298-AAD2-423FE3172D2A}.Debug|Any CPU.Build.0 = Debug|Any CPU
		{5CAE095B-A009-4298-AAD2-423FE3172D2A}.Release|Any CPU.ActiveCfg = Release|Any CPU
		{5CAE095B-A009-4298-AAD2-423FE3172D2A}.Release|Any CPU.Build.0 = Release|Any CPU
	EndGlobalSection
	GlobalSection(SolutionProperties) = preSolution
		HideSolutionNode = FALSE
	EndGlobalSection
	GlobalSection(ExtensibilityGlobals) = postSolution
		SolutionGuid = {2F25C18E-1077-49E2-904C-D2044311E7D0}
	EndGlobalSection
EndGlobal
